
Microsoft Visual Studio Solution File, Format Version 12.00
# Visual Studio Version 17
VisualStudioVersion = 17.7.34202.233
MinimumVisualStudioVersion = 10.0.40219.1
Project("{FAE04EC0-301F-11D3-BF4B-00C04F79EFBC}") = "Hackathon", "Hackathon.csproj", "{F1152543-C912-4542-8EA6-22EE8F4046FC}"
EndProject
Global
	GlobalSection(SolutionConfigurationPlatforms) = preSolution
		Debug|Any CPU = Debug|Any CPU
		Release|Any CPU = Release|Any CPU
	EndGlobalSection
	GlobalSection(ProjectConfigurationPlatforms) = postSolution
		{F1152543-C912-4542-8EA6-22EE8F4046FC}.Debug|Any CPU.ActiveCfg = Debug|Any CPU
		{F1152543-C912-4542-8EA6-22EE8F4046FC}.Debug|Any CPU.Build.0 = Debug|Any CPU
		{F1152543-C912-4542-8EA6-22EE8F4046FC}.Release|Any CPU.ActiveCfg = Release|Any CPU
		{F1152543-C912-4542-8EA6-22EE8F4046FC}.Release|Any CPU.Build.0 = Release|Any CPU
	EndGlobalSection
	GlobalSection(SolutionProperties) = preSolution
		HideSolutionNode = FALSE
	EndGlobalSection
	GlobalSection(ExtensibilityGlobals) = postSolution
		SolutionGuid = {CC4CF237-EB0F-4946-B1FB-A9FAAB2936CF}
	EndGlobalSection
EndGlobal
